// !$*UTF8*$!
{
	archiveVersion = 1;
	classes = {
	};
	objectVersion = 50;
	objects = {

/* Begin PBXBuildFile section */
		C165810622289F13006CFBD5 /* AppDelegate.swift in Sources */ = {isa = PBXBuildFile; fileRef = C165810522289F13006CFBD5 /* AppDelegate.swift */; };
		C165810822289F13006CFBD5 /* ViewController.swift in Sources */ = {isa = PBXBuildFile; fileRef = C165810722289F13006CFBD5 /* ViewController.swift */; };
		C165810B22289F13006CFBD5 /* Main.storyboard in Resources */ = {isa = PBXBuildFile; fileRef = C165810922289F13006CFBD5 /* Main.storyboard */; };
		C165810D22289F16006CFBD5 /* Assets.xcassets in Resources */ = {isa = PBXBuildFile; fileRef = C165810C22289F16006CFBD5 /* Assets.xcassets */; };
		C165811022289F16006CFBD5 /* LaunchScreen.storyboard in Resources */ = {isa = PBXBuildFile; fileRef = C165810E22289F16006CFBD5 /* LaunchScreen.storyboard */; };
		C165811B22289F16006CFBD5 /* Alura_IngressosTests.swift in Sources */ = {isa = PBXBuildFile; fileRef = C165811A22289F16006CFBD5 /* Alura_IngressosTests.swift */; };
		C165812622289F16006CFBD5 /* Alura_IngressosUITests.swift in Sources */ = {isa = PBXBuildFile; fileRef = C165812522289F16006CFBD5 /* Alura_IngressosUITests.swift */; };
		C1A21BF822301B2B007D34CB /* ValidaFormulario.swift in Sources */ = {isa = PBXBuildFile; fileRef = C1A21BF722301B2B007D34CB /* ValidaFormulario.swift */; };
/* End PBXBuildFile section */

/* Begin PBXContainerItemProxy section */
		C165811722289F16006CFBD5 /* PBXContainerItemProxy */ = {
			isa = PBXContainerItemProxy;
			containerPortal = C16580FA22289F13006CFBD5 /* Project object */;
			proxyType = 1;
			remoteGlobalIDString = C165810122289F13006CFBD5;
			remoteInfo = "Alura Ingressos";
		};
		C165812222289F16006CFBD5 /* PBXContainerItemProxy */ = {
			isa = PBXContainerItemProxy;
			containerPortal = C16580FA22289F13006CFBD5 /* Project object */;
			proxyType = 1;
			remoteGlobalIDString = C165810122289F13006CFBD5;
			remoteInfo = "Alura Ingressos";
		};
/* End PBXContainerItemProxy section */

/* Begin PBXFileReference section */
		C165810222289F13006CFBD5 /* Alura Ingressos.app */ = {isa = PBXFileReference; explicitFileType = wrapper.application; includeInIndex = 0; path = "Alura Ingressos.app"; sourceTree = BUILT_PRODUCTS_DIR; };
		C165810522289F13006CFBD5 /* AppDelegate.swift */ = {isa = PBXFileReference; lastKnownFileType = sourcecode.swift; path = AppDelegate.swift; sourceTree = "<group>"; };
		C165810722289F13006CFBD5 /* ViewController.swift */ = {isa = PBXFileReference; lastKnownFileType = sourcecode.swift; path = ViewController.swift; sourceTree = "<group>"; };
		C165810A22289F13006CFBD5 /* Base */ = {isa = PBXFileReference; lastKnownFileType = file.storyboard; name = Base; path = Base.lproj/Main.storyboard; sourceTree = "<group>"; };
		C165810C22289F16006CFBD5 /* Assets.xcassets */ = {isa = PBXFileReference; lastKnownFileType = folder.assetcatalog; path = Assets.xcassets; sourceTree = "<group>"; };
		C165810F22289F16006CFBD5 /* Base */ = {isa = PBXFileReference; lastKnownFileType = file.storyboard; name = Base; path = Base.lproj/LaunchScreen.storyboard; sourceTree = "<group>"; };
		C165811122289F16006CFBD5 /* Info.plist */ = {isa = PBXFileReference; lastKnownFileType = text.plist.xml; path = Info.plist; sourceTree = "<group>"; };
		C165811622289F16006CFBD5 /* Alura IngressosTests.xctest */ = {isa = PBXFileReference; explicitFileType = wrapper.cfbundle; includeInIndex = 0; path = "Alura IngressosTests.xctest"; sourceTree = BUILT_PRODUCTS_DIR; };
		C165811A22289F16006CFBD5 /* Alura_IngressosTests.swift */ = {isa = PBXFileReference; lastKnownFileType = sourcecode.swift; path = Alura_IngressosTests.swift; sourceTree = "<group>"; };
		C165811C22289F16006CFBD5 /* Info.plist */ = {isa = PBXFileReference; lastKnownFileType = text.plist.xml; path = Info.plist; sourceTree = "<group>"; };
		C165812122289F16006CFBD5 /* Alura IngressosUITests.xctest */ = {isa = PBXFileReference; explicitFileType = wrapper.cfbundle; includeInIndex = 0; path = "Alura IngressosUITests.xctest"; sourceTree = BUILT_PRODUCTS_DIR; };
		C165812522289F16006CFBD5 /* Alura_IngressosUITests.swift */ = {isa = PBXFileReference; lastKnownFileType = sourcecode.swift; path = Alura_IngressosUITests.swift; sourceTree = "<group>"; };
		C165812722289F16006CFBD5 /* Info.plist */ = {isa = PBXFileReference; lastKnownFileType = text.plist.xml; path = Info.plist; sourceTree = "<group>"; };
		C1A21BF722301B2B007D34CB /* ValidaFormulario.swift */ = {isa = PBXFileReference; lastKnownFileType = sourcecode.swift; path = ValidaFormulario.swift; sourceTree = "<group>"; };
/* End PBXFileReference section */

/* Begin PBXFrameworksBuildPhase section */
		C16580FF22289F13006CFBD5 /* Frameworks */ = {
			isa = PBXFrameworksBuildPhase;
			buildActionMask = 2147483647;
			files = (
			);
			runOnlyForDeploymentPostprocessing = 0;
		};
		C165811322289F16006CFBD5 /* Frameworks */ = {
			isa = PBXFrameworksBuildPhase;
			buildActionMask = 2147483647;
			files = (
			);
			runOnlyForDeploymentPostprocessing = 0;
		};
		C165811E22289F16006CFBD5 /* Frameworks */ = {
			isa = PBXFrameworksBuildPhase;
			buildActionMask = 2147483647;
			files = (
			);
			runOnlyForDeploymentPostprocessing = 0;
		};
/* End PBXFrameworksBuildPhase section */

/* Begin PBXGroup section */
		C16580F922289F13006CFBD5 = {
			isa = PBXGroup;
			children = (
				C165810422289F13006CFBD5 /* Alura Ingressos */,
				C165811922289F16006CFBD5 /* Alura IngressosTests */,
				C165812422289F16006CFBD5 /* Alura IngressosUITests */,
				C165810322289F13006CFBD5 /* Products */,
			);
			sourceTree = "<group>";
		};
		C165810322289F13006CFBD5 /* Products */ = {
			isa = PBXGroup;
			children = (
				C165810222289F13006CFBD5 /* Alura Ingressos.app */,
				C165811622289F16006CFBD5 /* Alura IngressosTests.xctest */,
				C165812122289F16006CFBD5 /* Alura IngressosUITests.xctest */,
			);
			name = Products;
			sourceTree = "<group>";
		};
		C165810422289F13006CFBD5 /* Alura Ingressos */ = {
			isa = PBXGroup;
			children = (
				C165810522289F13006CFBD5 /* AppDelegate.swift */,
				C1A21BF622301A72007D34CB /* Controller */,
				C1A21BF522301A59007D34CB /* Model */,
				C165810922289F13006CFBD5 /* Main.storyboard */,
				C165810C22289F16006CFBD5 /* Assets.xcassets */,
				C165810E22289F16006CFBD5 /* LaunchScreen.storyboard */,
				C165811122289F16006CFBD5 /* Info.plist */,
			);
			path = "Alura Ingressos";
			sourceTree = "<group>";
		};
		C165811922289F16006CFBD5 /* Alura IngressosTests */ = {
			isa = PBXGroup;
			children = (
				C165811A22289F16006CFBD5 /* Alura_IngressosTests.swift */,
				C165811C22289F16006CFBD5 /* Info.plist */,
			);
			path = "Alura IngressosTests";
			sourceTree = "<group>";
		};
		C165812422289F16006CFBD5 /* Alura IngressosUITests */ = {
			isa = PBXGroup;
			children = (
				C165812522289F16006CFBD5 /* Alura_IngressosUITests.swift */,
				C165812722289F16006CFBD5 /* Info.plist */,
			);
			path = "Alura IngressosUITests";
			sourceTree = "<group>";
		};
		C1A21BF522301A59007D34CB /* Model */ = {
			isa = PBXGroup;
			children = (
				C1A21BF722301B2B007D34CB /* ValidaFormulario.swift */,
			);
			path = Model;
			sourceTree = "<group>";
		};
		C1A21BF622301A72007D34CB /* Controller */ = {
			isa = PBXGroup;
			children = (
				C165810722289F13006CFBD5 /* ViewController.swift */,
			);
			path = Controller;
			sourceTree = "<group>";
		};
/* End PBXGroup section */

/* Begin PBXNativeTarget section */
		C165810122289F13006CFBD5 /* Alura Ingressos */ = {
			isa = PBXNativeTarget;
			buildConfigurationList = C165812A22289F16006CFBD5 /* Build configuration list for PBXNativeTarget "Alura Ingressos" */;
			buildPhases = (
				C16580FE22289F13006CFBD5 /* Sources */,
				C16580FF22289F13006CFBD5 /* Frameworks */,
				C165810022289F13006CFBD5 /* Resources */,
			);
			buildRules = (
			);
			dependencies = (
			);
			name = "Alura Ingressos";
			productName = "Alura Ingressos";
			productReference = C165810222289F13006CFBD5 /* Alura Ingressos.app */;
			productType = "com.apple.product-type.application";
		};
		C165811522289F16006CFBD5 /* Alura IngressosTests */ = {
			isa = PBXNativeTarget;
			buildConfigurationList = C165812D22289F16006CFBD5 /* Build configuration list for PBXNativeTarget "Alura IngressosTests" */;
			buildPhases = (
				C165811222289F16006CFBD5 /* Sources */,
				C165811322289F16006CFBD5 /* Frameworks */,
				C165811422289F16006CFBD5 /* Resources */,
			);
			buildRules = (
			);
			dependencies = (
				C165811822289F16006CFBD5 /* PBXTargetDependency */,
			);
			name = "Alura IngressosTests";
			productName = "Alura IngressosTests";
			productReference = C165811622289F16006CFBD5 /* Alura IngressosTests.xctest */;
			productType = "com.apple.product-type.bundle.unit-test";
		};
		C165812022289F16006CFBD5 /* Alura IngressosUITests */ = {
			isa = PBXNativeTarget;
			buildConfigurationList = C165813022289F16006CFBD5 /* Build configuration list for PBXNativeTarget "Alura IngressosUITests" */;
			buildPhases = (
				C165811D22289F16006CFBD5 /* Sources */,
				C165811E22289F16006CFBD5 /* Frameworks */,
				C165811F22289F16006CFBD5 /* Resources */,
			);
			buildRules = (
			);
			dependencies = (
				C165812322289F16006CFBD5 /* PBXTargetDependency */,
			);
			name = "Alura IngressosUITests";
			productName = "Alura IngressosUITests";
			productReference = C165812122289F16006CFBD5 /* Alura IngressosUITests.xctest */;
			productType = "com.apple.product-type.bundle.ui-testing";
		};
/* End PBXNativeTarget section */

/* Begin PBXProject section */
		C16580FA22289F13006CFBD5 /* Project object */ = {
			isa = PBXProject;
			attributes = {
				LastSwiftUpdateCheck = 1010;
				LastUpgradeCheck = 1010;
				ORGANIZATIONNAME = JoloSoftware;
				TargetAttributes = {
					C165810122289F13006CFBD5 = {
						CreatedOnToolsVersion = 10.1;
					};
					C165811522289F16006CFBD5 = {
						CreatedOnToolsVersion = 10.1;
						TestTargetID = C165810122289F13006CFBD5;
					};
					C165812022289F16006CFBD5 = {
						CreatedOnToolsVersion = 10.1;
						TestTargetID = C165810122289F13006CFBD5;
					};
				};
			};
			buildConfigurationList = C16580FD22289F13006CFBD5 /* Build configuration list for PBXProject "Alura Ingressos" */;
			compatibilityVersion = "Xcode 9.3";
			developmentRegion = en;
			hasScannedForEncodings = 0;
			knownRegions = (
				en,
				Base,
			);
			mainGroup = C16580F922289F13006CFBD5;
			productRefGroup = C165810322289F13006CFBD5 /* Products */;
			projectDirPath = "";
			projectRoot = "";
			targets = (
				C165810122289F13006CFBD5 /* Alura Ingressos */,
				C165811522289F16006CFBD5 /* Alura IngressosTests */,
				C165812022289F16006CFBD5 /* Alura IngressosUITests */,
			);
		};
/* End PBXProject section */

/* Begin PBXResourcesBuildPhase section */
		C165810022289F13006CFBD5 /* Resources */ = {
			isa = PBXResourcesBuildPhase;
			buildActionMask = 2147483647;
			files = (
				C165811022289F16006CFBD5 /* LaunchScreen.storyboard in Resources */,
				C165810D22289F16006CFBD5 /* Assets.xcassets in Resources */,
				C165810B22289F13006CFBD5 /* Main.storyboard in Resources */,
			);
			runOnlyForDeploymentPostprocessing = 0;
		};
		C165811422289F16006CFBD5 /* Resources */ = {
			isa = PBXResourcesBuildPhase;
			buildActionMask = 2147483647;
			files = (
			);
			runOnlyForDeploymentPostprocessing = 0;
		};
		C165811F22289F16006CFBD5 /* Resources */ = {
			isa = PBXResourcesBuildPhase;
			buildActionMask = 2147483647;
			files = (
			);
			runOnlyForDeploymentPostprocessing = 0;
		};
/* End PBXResourcesBuildPhase section */

/* Begin PBXSourcesBuildPhase section */
		C16580FE22289F13006CFBD5 /* Sources */ = {
			isa = PBXSourcesBuildPhase;
			buildActionMask = 2147483647;
			files = (
				C165810822289F13006CFBD5 /* ViewController.swift in Sources */,
				C1A21BF822301B2B007D34CB /* ValidaFormulario.swift in Sources */,
				C165810622289F13006CFBD5 /* AppDelegate.swift in Sources */,
			);
			runOnlyForDeploymentPostprocessing = 0;
		};
		C165811222289F16006CFBD5 /* Sources */ = {
			isa = PBXSourcesBuildPhase;
			buildActionMask = 2147483647;
			files = (
				C165811B22289F16006CFBD5 /* Alura_IngressosTests.swift in Sources */,
			);
			runOnlyForDeploymentPostprocessing = 0;
		};
		C165811D22289F16006CFBD5 /* Sources */ = {
			isa = PBXSourcesBuildPhase;
			buildActionMask = 2147483647;
			files = (
				C165812622289F16006CFBD5 /* Alura_IngressosUITests.swift in Sources */,
			);
			runOnlyForDeploymentPostprocessing = 0;
		};
/* End PBXSourcesBuildPhase section */

/* Begin PBXTargetDependency section */
		C165811822289F16006CFBD5 /* PBXTargetDependency */ = {
			isa = PBXTargetDependency;
			target = C165810122289F13006CFBD5 /* Alura Ingressos */;
			targetProxy = C165811722289F16006CFBD5 /* PBXContainerItemProxy */;
		};
		C165812322289F16006CFBD5 /* PBXTargetDependency */ = {
			isa = PBXTargetDependency;
			target = C165810122289F13006CFBD5 /* Alura Ingressos */;
			targetProxy = C165812222289F16006CFBD5 /* PBXContainerItemProxy */;
		};
/* End PBXTargetDependency section */

/* Begin PBXVariantGroup section */
		C165810922289F13006CFBD5 /* Main.storyboard */ = {
			isa = PBXVariantGroup;
			children = (
				C165810A22289F13006CFBD5 /* Base */,
			);
			name = Main.storyboard;
			sourceTree = "<group>";
		};
		C165810E22289F16006CFBD5 /* LaunchScreen.storyboard */ = {
			isa = PBXVariantGroup;
			children = (
				C165810F22289F16006CFBD5 /* Base */,
			);
			name = LaunchScreen.storyboard;
			sourceTree = "<group>";
		};
/* End PBXVariantGroup section */

/* Begin XCBuildConfiguration section */
		C165812822289F16006CFBD5 /* Debug */ = {
			isa = XCBuildConfiguration;
			buildSettings = {
				ALWAYS_SEARCH_USER_PATHS = NO;
				CLANG_ANALYZER_NONNULL = YES;
				CLANG_ANALYZER_NUMBER_OBJECT_CONVERSION = YES_AGGRESSIVE;
				CLANG_CXX_LANGUAGE_STANDARD = "gnu++14";
				CLANG_CXX_LIBRARY = "libc++";
				CLANG_ENABLE_MODULES = YES;
				CLANG_ENABLE_OBJC_ARC = YES;
				CLANG_ENABLE_OBJC_WEAK = YES;
				CLANG_WARN_BLOCK_CAPTURE_AUTORELEASING = YES;
				CLANG_WARN_BOOL_CONVERSION = YES;
				CLANG_WARN_COMMA = YES;
				CLANG_WARN_CONSTANT_CONVERSION = YES;
				CLANG_WARN_DEPRECATED_OBJC_IMPLEMENTATIONS = YES;
				CLANG_WARN_DIRECT_OBJC_ISA_USAGE = YES_ERROR;
				CLANG_WARN_DOCUMENTATION_COMMENTS = YES;
				CLANG_WARN_EMPTY_BODY = YES;
				CLANG_WARN_ENUM_CONVERSION = YES;
				CLANG_WARN_INFINITE_RECURSION = YES;
				CLANG_WARN_INT_CONVERSION = YES;
				CLANG_WARN_NON_LITERAL_NULL_CONVERSION = YES;
				CLANG_WARN_OBJC_IMPLICIT_RETAIN_SELF = YES;
				CLANG_WARN_OBJC_LITERAL_CONVERSION = YES;
				CLANG_WARN_OBJC_ROOT_CLASS = YES_ERROR;
				CLANG_WARN_RANGE_LOOP_ANALYSIS = YES;
				CLANG_WARN_STRICT_PROTOTYPES = YES;
				CLANG_WARN_SUSPICIOUS_MOVE = YES;
				CLANG_WARN_UNGUARDED_AVAILABILITY = YES_AGGRESSIVE;
				CLANG_WARN_UNREACHABLE_CODE = YES;
				CLANG_WARN__DUPLICATE_METHOD_MATCH = YES;
				CODE_SIGN_IDENTITY = "iPhone Developer";
				COPY_PHASE_STRIP = NO;
				DEBUG_INFORMATION_FORMAT = dwarf;
				ENABLE_STRICT_OBJC_MSGSEND = YES;
				ENABLE_TESTABILITY = YES;
				GCC_C_LANGUAGE_STANDARD = gnu11;
				GCC_DYNAMIC_NO_PIC = NO;
				GCC_NO_COMMON_BLOCKS = YES;
				GCC_OPTIMIZATION_LEVEL = 0;
				GCC_PREPROCESSOR_DEFINITIONS = (
					"DEBUG=1",
					"$(inherited)",
				);
				GCC_WARN_64_TO_32_BIT_CONVERSION = YES;
				GCC_WARN_ABOUT_RETURN_TYPE = YES_ERROR;
				GCC_WARN_UNDECLARED_SELECTOR = YES;
				GCC_WARN_UNINITIALIZED_AUTOS = YES_AGGRESSIVE;
				GCC_WARN_UNUSED_FUNCTION = YES;
				GCC_WARN_UNUSED_VARIABLE = YES;
				IPHONEOS_DEPLOYMENT_TARGET = 12.1;
				MTL_ENABLE_DEBUG_INFO = INCLUDE_SOURCE;
				MTL_FAST_MATH = YES;
				ONLY_ACTIVE_ARCH = YES;
				SDKROOT = iphoneos;
				SWIFT_ACTIVE_COMPILATION_CONDITIONS = DEBUG;
				SWIFT_OPTIMIZATION_LEVEL = "-Onone";
			};
			name = Debug;
		};
		C165812922289F16006CFBD5 /* Release */ = {
			isa = XCBuildConfiguration;
			buildSettings = {
				ALWAYS_SEARCH_USER_PATHS = NO;
				CLANG_ANALYZER_NONNULL = YES;
				CLANG_ANALYZER_NUMBER_OBJECT_CONVERSION = YES_AGGRESSIVE;
				CLANG_CXX_LANGUAGE_STANDARD = "gnu++14";
				CLANG_CXX_LIBRARY = "libc++";
				CLANG_ENABLE_MODULES = YES;
				CLANG_ENABLE_OBJC_ARC = YES;
				CLANG_ENABLE_OBJC_WEAK = YES;
				CLANG_WARN_BLOCK_CAPTURE_AUTORELEASING = YES;
				CLANG_WARN_BOOL_CONVERSION = YES;
				CLANG_WARN_COMMA = YES;
				CLANG_WARN_CONSTANT_CONVERSION = YES;
				CLANG_WARN_DEPRECATED_OBJC_IMPLEMENTATIONS = YES;
				CLANG_WARN_DIRECT_OBJC_ISA_USAGE = YES_ERROR;
				CLANG_WARN_DOCUMENTATION_COMMENTS = YES;
				CLANG_WARN_EMPTY_BODY = YES;
				CLANG_WARN_ENUM_CONVERSION = YES;
				CLANG_WARN_INFINITE_RECURSION = YES;
				CLANG_WARN_INT_CONVERSION = YES;
				CLANG_WARN_NON_LITERAL_NULL_CONVERSION = YES;
				CLANG_WARN_OBJC_IMPLICIT_RETAIN_SELF = YES;
				CLANG_WARN_OBJC_LITERAL_CONVERSION = YES;
				CLANG_WARN_OBJC_ROOT_CLASS = YES_ERROR;
				CLANG_WARN_RANGE_LOOP_ANALYSIS = YES;
				CLANG_WARN_STRICT_PROTOTYPES = YES;
				CLANG_WARN_SUSPICIOUS_MOVE = YES;
				CLANG_WARN_UNGUARDED_AVAILABILITY = YES_AGGRESSIVE;
				CLANG_WARN_UNREACHABLE_CODE = YES;
				CLANG_WARN__DUPLICATE_METHOD_MATCH = YES;
				CODE_SIGN_IDENTITY = "iPhone Developer";
				COPY_PHASE_STRIP = NO;
				DEBUG_INFORMATION_FORMAT = "dwarf-with-dsym";
				ENABLE_NS_ASSERTIONS = NO;
				ENABLE_STRICT_OBJC_MSGSEND = YES;
				GCC_C_LANGUAGE_STANDARD = gnu11;
				GCC_NO_COMMON_BLOCKS = YES;
				GCC_WARN_64_TO_32_BIT_CONVERSION = YES;
				GCC_WARN_ABOUT_RETURN_TYPE = YES_ERROR;
				GCC_WARN_UNDECLARED_SELECTOR = YES;
				GCC_WARN_UNINITIALIZED_AUTOS = YES_AGGRESSIVE;
				GCC_WARN_UNUSED_FUNCTION = YES;
				GCC_WARN_UNUSED_VARIABLE = YES;
				IPHONEOS_DEPLOYMENT_TARGET = 12.1;
				MTL_ENABLE_DEBUG_INFO = NO;
				MTL_FAST_MATH = YES;
				SDKROOT = iphoneos;
				SWIFT_COMPILATION_MODE = wholemodule;
				SWIFT_OPTIMIZATION_LEVEL = "-O";
				VALIDATE_PRODUCT = YES;
			};
			name = Release;
		};
		C165812B22289F16006CFBD5 /* Debug */ = {
			isa = XCBuildConfiguration;
			buildSettings = {
				ASSETCATALOG_COMPILER_APPICON_NAME = AppIcon;
				CODE_SIGN_STYLE = Automatic;
				INFOPLIST_FILE = "Alura Ingressos/Info.plist";
				LD_RUNPATH_SEARCH_PATHS = (
					"$(inherited)",
					"@executable_path/Frameworks",
				);
				PRODUCT_BUNDLE_IDENTIFIER = "br.com.Alura-Ingressos";
				PRODUCT_NAME = "$(TARGET_NAME)";
				SWIFT_VERSION = 4.2;
				TARGETED_DEVICE_FAMILY = "1,2";
			};
			name = Debug;
		};
		C165812C22289F16006CFBD5 /* Release */ = {
			isa = XCBuildConfiguration;
			buildSettings = {
				ASSETCATALOG_COMPILER_APPICON_NAME = AppIcon;
				CODE_SIGN_STYLE = Automatic;
				INFOPLIST_FILE = "Alura Ingressos/Info.plist";
				LD_RUNPATH_SEARCH_PATHS = (
					"$(inherited)",
					"@executable_path/Frameworks",
				);
				PRODUCT_BUNDLE_IDENTIFIER = "br.com.Alura-Ingressos";
				PRODUCT_NAME = "$(TARGET_NAME)";
				SWIFT_VERSION = 4.2;
				TARGETED_DEVICE_FAMILY = "1,2";
			};
			name = Release;
		};
		C165812E22289F16006CFBD5 /* Debug */ = {
			isa = XCBuildConfiguration;
			buildSettings = {
				ALWAYS_EMBED_SWIFT_STANDARD_LIBRARIES = YES;
				BUNDLE_LOADER = "$(TEST_HOST)";
				CODE_SIGN_STYLE = Automatic;
				INFOPLIST_FILE = "Alura IngressosTests/Info.plist";
				LD_RUNPATH_SEARCH_PATHS = (
					"$(inherited)",
					"@executable_path/Frameworks",
					"@loader_path/Frameworks",
				);
				PRODUCT_BUNDLE_IDENTIFIER = "br.com.Alura-IngressosTests";
				PRODUCT_NAME = "$(TARGET_NAME)";
				SWIFT_VERSION = 4.2;
				TARGETED_DEVICE_FAMILY = "1,2";
				TEST_HOST = "$(BUILT_PRODUCTS_DIR)/Alura Ingressos.app/Alura Ingressos";
			};
			name = Debug;
		};
		C165812F22289F16006CFBD5 /* Release */ = {
			isa = XCBuildConfiguration;
			buildSettings = {
				ALWAYS_EMBED_SWIFT_STANDARD_LIBRARIES = YES;
				BUNDLE_LOADER = "$(TEST_HOST)";
				CODE_SIGN_STYLE = Automatic;
				INFOPLIST_FILE = "Alura IngressosTests/Info.plist";
				LD_RUNPATH_SEARCH_PATHS = (
					"$(inherited)",
					"@executable_path/Frameworks",
					"@loader_path/Frameworks",
				);
				PRODUCT_BUNDLE_IDENTIFIER = "br.com.Alura-IngressosTests";
				PRODUCT_NAME = "$(TARGET_NAME)";
				SWIFT_VERSION = 4.2;
				TARGETED_DEVICE_FAMILY = "1,2";
				TEST_HOST = "$(BUILT_PRODUCTS_DIR)/Alura Ingressos.app/Alura Ingressos";
			};
			name = Release;
		};
		C165813122289F16006CFBD5 /* Debug */ = {
			isa = XCBuildConfiguration;
			buildSettings = {
				ALWAYS_EMBED_SWIFT_STANDARD_LIBRARIES = YES;
				CODE_SIGN_STYLE = Automatic;
				INFOPLIST_FILE = "Alura IngressosUITests/Info.plist";
				LD_RUNPATH_SEARCH_PATHS = (
					"$(inherited)",
					"@executable_path/Frameworks",
					"@loader_path/Frameworks",
				);
				PRODUCT_BUNDLE_IDENTIFIER = "br.com.Alura-IngressosUITests";
				PRODUCT_NAME = "$(TARGET_NAME)";
				SWIFT_VERSION = 4.2;
				TARGETED_DEVICE_FAMILY = "1,2";
				TEST_TARGET_NAME = "Alura Ingressos";
			};
			name = Debug;
		};
		C165813222289F16006CFBD5 /* Release */ = {
			isa = XCBuildConfiguration;
			buildSettings = {
				ALWAYS_EMBED_SWIFT_STANDARD_LIBRARIES = YES;
				CODE_SIGN_STYLE = Automatic;
				INFOPLIST_FILE = "Alura IngressosUITests/Info.plist";
				LD_RUNPATH_SEARCH_PATHS = (
					"$(inherited)",
					"@executable_path/Frameworks",
					"@loader_path/Frameworks",
				);
				PRODUCT_BUNDLE_IDENTIFIER = "br.com.Alura-IngressosUITests";
				PRODUCT_NAME = "$(TARGET_NAME)";
				SWIFT_VERSION = 4.2;
				TARGETED_DEVICE_FAMILY = "1,2";
				TEST_TARGET_NAME = "Alura Ingressos";
			};
			name = Release;
		};
/* End XCBuildConfiguration section */

/* Begin XCConfigurationList section */
		C16580FD22289F13006CFBD5 /* Build configuration list for PBXProject "Alura Ingressos" */ = {
			isa = XCConfigurationList;
			buildConfigurations = (
				C165812822289F16006CFBD5 /* Debug */,
				C165812922289F16006CFBD5 /* Release */,
			);
			defaultConfigurationIsVisible = 0;
			defaultConfigurationName = Release;
		};
		C165812A22289F16006CFBD5 /* Build configuration list for PBXNativeTarget "Alura Ingressos" */ = {
			isa = XCConfigurationList;
			buildConfigurations = (
				C165812B22289F16006CFBD5 /* Debug */,
				C165812C22289F16006CFBD5 /* Release */,
			);
			defaultConfigurationIsVisible = 0;
			defaultConfigurationName = Release;
		};
		C165812D22289F16006CFBD5 /* Build configuration list for PBXNativeTarget "Alura IngressosTests" */ = {
			isa = XCConfigurationList;
			buildConfigurations = (
				C165812E22289F16006CFBD5 /* Debug */,
				C165812F22289F16006CFBD5 /* Release */,
			);
			defaultConfigurationIsVisible = 0;
			defaultConfigurationName = Release;
		};
		C165813022289F16006CFBD5 /* Build configuration list for PBXNativeTarget "Alura IngressosUITests" */ = {
			isa = XCConfigurationList;
			buildConfigurations = (
				C165813122289F16006CFBD5 /* Debug */,
				C165813222289F16006CFBD5 /* Release */,
			);
			defaultConfigurationIsVisible = 0;
			defaultConfigurationName = Release;
		};
/* End XCConfigurationList section */
	};
	rootObject = C16580FA22289F13006CFBD5 /* Project object */;
}
